
Microsoft Visual Studio Solution File, Format Version 12.00
# Visual Studio Version 17
VisualStudioVersion = 17.0.32014.148
MinimumVisualStudioVersion = 10.0.40219.1
Project("{9A19103F-16F7-4668-BE54-9A1E7A4F7556}") = "DataConverter", "DataConverter\DataConverter.csproj", "{511E9649-44C8-480A-A622-CE074A4747C2}"
EndProject
Project("{9A19103F-16F7-4668-BE54-9A1E7A4F7556}") = "WoWsShipBuilder.DataStructures", "WoWsShipBuilder.DataStructures\WoWsShipBuilder.DataStructures.csproj", "{721F12F4-50D8-4B1C-9BCF-FCDDE451A6D0}"
EndProject
Project("{9A19103F-16F7-4668-BE54-9A1E7A4F7556}") = "DataConverter.Test", "DataConverter.Test\DataConverter.Test.csproj", "{C3C2057D-9B09-4DD9-93A7-6BE71C5F4E93}"
EndProject
Project("{9A19103F-16F7-4668-BE54-9A1E7A4F7556}") = "WowsShipBuilder.GameParamsExtractor", "WowsShipBuilder.GameParamsExtractor\WowsShipBuilder.GameParamsExtractor.csproj", "{885F6499-5FE8-442C-8A81-FFF52FFDA173}"
EndProject
Project("{FAE04EC0-301F-11D3-BF4B-00C04F79EFBC}") = "WowsShipBuilder.GameParamsExtractorConsole", "WowsShipBuilder.GameParamsExtractorConsole\WowsShipBuilder.GameParamsExtractorConsole.csproj", "{48B96EC8-8FA7-43D1-8910-7C66645DFE45}"
	ProjectSection(ProjectDependencies) = postProject
		{885F6499-5FE8-442C-8A81-FFF52FFDA173} = {885F6499-5FE8-442C-8A81-FFF52FFDA173}
	EndProjectSection
EndProject
Global
	GlobalSection(SolutionConfigurationPlatforms) = preSolution
		Debug|Any CPU = Debug|Any CPU
		Release|Any CPU = Release|Any CPU
	EndGlobalSection
	GlobalSection(ProjectConfigurationPlatforms) = postSolution
		{511E9649-44C8-480A-A622-CE074A4747C2}.Debug|Any CPU.ActiveCfg = Debug|Any CPU
		{511E9649-44C8-480A-A622-CE074A4747C2}.Debug|Any CPU.Build.0 = Debug|Any CPU
		{511E9649-44C8-480A-A622-CE074A4747C2}.Release|Any CPU.ActiveCfg = Release|Any CPU
		{511E9649-44C8-480A-A622-CE074A4747C2}.Release|Any CPU.Build.0 = Release|Any CPU
		{721F12F4-50D8-4B1C-9BCF-FCDDE451A6D0}.Debug|Any CPU.ActiveCfg = Debug|Any CPU
		{721F12F4-50D8-4B1C-9BCF-FCDDE451A6D0}.Debug|Any CPU.Build.0 = Debug|Any CPU
		{721F12F4-50D8-4B1C-9BCF-FCDDE451A6D0}.Release|Any CPU.ActiveCfg = Release|Any CPU
		{721F12F4-50D8-4B1C-9BCF-FCDDE451A6D0}.Release|Any CPU.Build.0 = Release|Any CPU
		{C3C2057D-9B09-4DD9-93A7-6BE71C5F4E93}.Debug|Any CPU.ActiveCfg = Debug|Any CPU
		{C3C2057D-9B09-4DD9-93A7-6BE71C5F4E93}.Debug|Any CPU.Build.0 = Debug|Any CPU
		{C3C2057D-9B09-4DD9-93A7-6BE71C5F4E93}.Release|Any CPU.ActiveCfg = Release|Any CPU
		{C3C2057D-9B09-4DD9-93A7-6BE71C5F4E93}.Release|Any CPU.Build.0 = Release|Any CPU
		{885F6499-5FE8-442C-8A81-FFF52FFDA173}.Debug|Any CPU.ActiveCfg = Debug|Any CPU
		{885F6499-5FE8-442C-8A81-FFF52FFDA173}.Debug|Any CPU.Build.0 = Debug|Any CPU
		{885F6499-5FE8-442C-8A81-FFF52FFDA173}.Release|Any CPU.ActiveCfg = Release|Any CPU
		{885F6499-5FE8-442C-8A81-FFF52FFDA173}.Release|Any CPU.Build.0 = Release|Any CPU
		{48B96EC8-8FA7-43D1-8910-7C66645DFE45}.Debug|Any CPU.ActiveCfg = Debug|Any CPU
		{48B96EC8-8FA7-43D1-8910-7C66645DFE45}.Debug|Any CPU.Build.0 = Debug|Any CPU
		{48B96EC8-8FA7-43D1-8910-7C66645DFE45}.Release|Any CPU.ActiveCfg = Release|Any CPU
		{48B96EC8-8FA7-43D1-8910-7C66645DFE45}.Release|Any CPU.Build.0 = Release|Any CPU
	EndGlobalSection
	GlobalSection(SolutionProperties) = preSolution
		HideSolutionNode = FALSE
	EndGlobalSection
	GlobalSection(ExtensibilityGlobals) = postSolution
		SolutionGuid = {5E26571F-D5CE-4017-95F0-AA0C2D63D8B5}
	EndGlobalSection
EndGlobal
